
Microsoft Visual Studio Solution File, Format Version 12.00
# Visual Studio Version 16
VisualStudioVersion = 16.0.32002.261
MinimumVisualStudioVersion = 10.0.40219.1
Project("{FAE04EC0-301F-11D3-BF4B-00C04F79EFBC}") = "MovieCollection", "MovieCollection\MovieCollection.csproj", "{8268FE08-5006-4914-9155-0C972D12860C}"
EndProject
Global
	GlobalSection(SolutionConfigurationPlatforms) = preSolution
		Debug|Any CPU = Debug|Any CPU
		Release|Any CPU = Release|Any CPU
	EndGlobalSection
	GlobalSection(ProjectConfigurationPlatforms) = postSolution
		{8268FE08-5006-4914-9155-0C972D12860C}.Debug|Any CPU.ActiveCfg = Debug|Any CPU
		{8268FE08-5006-4914-9155-0C972D12860C}.Debug|Any CPU.Build.0 = Debug|Any CPU
		{8268FE08-5006-4914-9155-0C972D12860C}.Release|Any CPU.ActiveCfg = Release|Any CPU
		{8268FE08-5006-4914-9155-0C972D12860C}.Release|Any CPU.Build.0 = Release|Any CPU
	EndGlobalSection
	GlobalSection(SolutionProperties) = preSolution
		HideSolutionNode = FALSE
	EndGlobalSection
	GlobalSection(ExtensibilityGlobals) = postSolution
		SolutionGuid = {70D4456E-80C4-4F5F-A49C-CCA0070E9392}
	EndGlobalSection
EndGlobal
